// !$*UTF8*$!
{
	archiveVersion = 1;
	classes = {
	};
	objectVersion = 50;
	objects = {

/* Begin PBXBuildFile section */
		AA09023E25650E0C00F1C39C /* KeyChainStore.h in Headers */ = {isa = PBXBuildFile; fileRef = AA09023C25650E0C00F1C39C /* KeyChainStore.h */; };
		AA09023F25650E0C00F1C39C /* KeyChainStore.m in Sources */ = {isa = PBXBuildFile; fileRef = AA09023D25650E0C00F1C39C /* KeyChainStore.m */; };
		AAD368F22563A8AD007E1D28 /* JYMJAD_SDK.h in Headers */ = {isa = PBXBuildFile; fileRef = AAD368F02563A8AD007E1D28 /* JYMJAD_SDK.h */; settings = {ATTRIBUTES = (Public, ); }; };
		AAD369372563ABA8007E1D28 /* JYMJADCpaRequest.m in Sources */ = {isa = PBXBuildFile; fileRef = AAD369252563ABA6007E1D28 /* JYMJADCpaRequest.m */; };
		AAD369382563ABA8007E1D28 /* JYMJADCpcRequest.m in Sources */ = {isa = PBXBuildFile; fileRef = AAD369262563ABA6007E1D28 /* JYMJADCpcRequest.m */; };
		AAD369392563ABA8007E1D28 /* JYMJADCpmRequest.m in Sources */ = {isa = PBXBuildFile; fileRef = AAD369272563ABA6007E1D28 /* JYMJADCpmRequest.m */; };
		AAD3693A2563ABA8007E1D28 /* XMNetWorkHelper.m in Sources */ = {isa = PBXBuildFile; fileRef = AAD369282563ABA6007E1D28 /* XMNetWorkHelper.m */; };
		AAD3693B2563ABA8007E1D28 /* XMNetWorkHelper.h in Headers */ = {isa = PBXBuildFile; fileRef = AAD369292563ABA7007E1D28 /* XMNetWorkHelper.h */; };
		AAD3693C2563ABA8007E1D28 /* JYMJADEndRequest.m in Sources */ = {isa = PBXBuildFile; fileRef = AAD3692A2563ABA7007E1D28 /* JYMJADEndRequest.m */; };
		AAD3693D2563ABA8007E1D28 /* JYMJADCpaRequest.h in Headers */ = {isa = PBXBuildFile; fileRef = AAD3692B2563ABA7007E1D28 /* JYMJADCpaRequest.h */; settings = {ATTRIBUTES = (Public, ); }; };
		AAD3693E2563ABA8007E1D28 /* JYMJADYBSDK.m in Sources */ = {isa = PBXBuildFile; fileRef = AAD3692C2563ABA7007E1D28 /* JYMJADYBSDK.m */; };
		AAD3693F2563ABA8007E1D28 /* JYMJADAdRequest.h in Headers */ = {isa = PBXBuildFile; fileRef = AAD3692D2563ABA7007E1D28 /* JYMJADAdRequest.h */; settings = {ATTRIBUTES = (Public, ); }; };
		AAD369402563ABA8007E1D28 /* JYMJADEndRequest.h in Headers */ = {isa = PBXBuildFile; fileRef = AAD3692E2563ABA7007E1D28 /* JYMJADEndRequest.h */; settings = {ATTRIBUTES = (Public, ); }; };
		AAD369412563ABA8007E1D28 /* JYMJADCpsRequest.m in Sources */ = {isa = PBXBuildFile; fileRef = AAD3692F2563ABA7007E1D28 /* JYMJADCpsRequest.m */; };
		AAD369422563ABA8007E1D28 /* JYMJADCpcRequest.h in Headers */ = {isa = PBXBuildFile; fileRef = AAD369302563ABA7007E1D28 /* JYMJADCpcRequest.h */; settings = {ATTRIBUTES = (Public, ); }; };
		AAD369432563ABA8007E1D28 /* JYMJADYBSDK.h in Headers */ = {isa = PBXBuildFile; fileRef = AAD369312563ABA7007E1D28 /* JYMJADYBSDK.h */; settings = {ATTRIBUTES = (Public, ); }; };
		AAD369442563ABA8007E1D28 /* JYMJADAdBean.m in Sources */ = {isa = PBXBuildFile; fileRef = AAD369322563ABA8007E1D28 /* JYMJADAdBean.m */; };
		AAD369452563ABA8007E1D28 /* JYMJADCpmRequest.h in Headers */ = {isa = PBXBuildFile; fileRef = AAD369332563ABA8007E1D28 /* JYMJADCpmRequest.h */; settings = {ATTRIBUTES = (Public, ); }; };
		AAD369462563ABA8007E1D28 /* JYMJADAdRequest.m in Sources */ = {isa = PBXBuildFile; fileRef = AAD369342563ABA8007E1D28 /* JYMJADAdRequest.m */; };
		AAD369472563ABA8007E1D28 /* JYMJADAdBean.h in Headers */ = {isa = PBXBuildFile; fileRef = AAD369352563ABA8007E1D28 /* JYMJADAdBean.h */; settings = {ATTRIBUTES = (Public, ); }; };
		AAD369482563ABA8007E1D28 /* JYMJADCpsRequest.h in Headers */ = {isa = PBXBuildFile; fileRef = AAD369362563ABA8007E1D28 /* JYMJADCpsRequest.h */; settings = {ATTRIBUTES = (Public, ); }; };
		AAD369E82564A835007E1D28 /* JYMJADAdResponse.h in Headers */ = {isa = PBXBuildFile; fileRef = AAD369E62564A835007E1D28 /* JYMJADAdResponse.h */; settings = {ATTRIBUTES = (Public, ); }; };
		AAD369E92564A835007E1D28 /* JYMJADAdResponse.m in Sources */ = {isa = PBXBuildFile; fileRef = AAD369E72564A835007E1D28 /* JYMJADAdResponse.m */; };
		AAD369ED2564A852007E1D28 /* JYMJADCpaResponse.h in Headers */ = {isa = PBXBuildFile; fileRef = AAD369EB2564A852007E1D28 /* JYMJADCpaResponse.h */; settings = {ATTRIBUTES = (Public, ); }; };
		AAD369EE2564A852007E1D28 /* JYMJADCpaResponse.m in Sources */ = {isa = PBXBuildFile; fileRef = AAD369EC2564A852007E1D28 /* JYMJADCpaResponse.m */; };
		AAD369F22564A86C007E1D28 /* JYMJADCpcResponse.h in Headers */ = {isa = PBXBuildFile; fileRef = AAD369F02564A86C007E1D28 /* JYMJADCpcResponse.h */; settings = {ATTRIBUTES = (Public, ); }; };
		AAD369F32564A86C007E1D28 /* JYMJADCpcResponse.m in Sources */ = {isa = PBXBuildFile; fileRef = AAD369F12564A86C007E1D28 /* JYMJADCpcResponse.m */; };
		AAD369F72564A8BE007E1D28 /* JYMJADCpmResponse.h in Headers */ = {isa = PBXBuildFile; fileRef = AAD369F52564A8BE007E1D28 /* JYMJADCpmResponse.h */; settings = {ATTRIBUTES = (Public, ); }; };
		AAD369F82564A8BE007E1D28 /* JYMJADCpmResponse.m in Sources */ = {isa = PBXBuildFile; fileRef = AAD369F62564A8BE007E1D28 /* JYMJADCpmResponse.m */; };
		AAD369FC2564A8D2007E1D28 /* JYMJADCpsResponse.h in Headers */ = {isa = PBXBuildFile; fileRef = AAD369FA2564A8D2007E1D28 /* JYMJADCpsResponse.h */; settings = {ATTRIBUTES = (Public, ); }; };
		AAD369FD2564A8D2007E1D28 /* JYMJADCpsResponse.m in Sources */ = {isa = PBXBuildFile; fileRef = AAD369FB2564A8D2007E1D28 /* JYMJADCpsResponse.m */; };
		AAD36A012564A8EF007E1D28 /* JYMJADEndResponse.h in Headers */ = {isa = PBXBuildFile; fileRef = AAD369FF2564A8EF007E1D28 /* JYMJADEndResponse.h */; settings = {ATTRIBUTES = (Public, ); }; };
		AAD36A022564A8EF007E1D28 /* JYMJADEndResponse.m in Sources */ = {isa = PBXBuildFile; fileRef = AAD36A002564A8EF007E1D28 /* JYMJADEndResponse.m */; };
		AAD36A092564C4DA007E1D28 /* BaseResponse.h in Headers */ = {isa = PBXBuildFile; fileRef = AAD36A072564C4D9007E1D28 /* BaseResponse.h */; settings = {ATTRIBUTES = (Public, ); }; };
		AAD36A0A2564C4DA007E1D28 /* BaseResponse.m in Sources */ = {isa = PBXBuildFile; fileRef = AAD36A082564C4D9007E1D28 /* BaseResponse.m */; };
/* End PBXBuildFile section */

/* Begin PBXFileReference section */
		AA09023C25650E0C00F1C39C /* KeyChainStore.h */ = {isa = PBXFileReference; lastKnownFileType = sourcecode.c.h; path = KeyChainStore.h; sourceTree = "<group>"; };
		AA09023D25650E0C00F1C39C /* KeyChainStore.m */ = {isa = PBXFileReference; lastKnownFileType = sourcecode.c.objc; path = KeyChainStore.m; sourceTree = "<group>"; };
		AAD368ED2563A8AD007E1D28 /* JYMJAD_SDK.framework */ = {isa = PBXFileReference; explicitFileType = wrapper.framework; includeInIndex = 0; path = JYMJAD_SDK.framework; sourceTree = BUILT_PRODUCTS_DIR; };
		AAD368F02563A8AD007E1D28 /* JYMJAD_SDK.h */ = {isa = PBXFileReference; lastKnownFileType = sourcecode.c.h; path = JYMJAD_SDK.h; sourceTree = "<group>"; };
		AAD368F12563A8AD007E1D28 /* Info.plist */ = {isa = PBXFileReference; lastKnownFileType = text.plist.xml; path = Info.plist; sourceTree = "<group>"; };
		AAD369252563ABA6007E1D28 /* JYMJADCpaRequest.m */ = {isa = PBXFileReference; fileEncoding = 4; lastKnownFileType = sourcecode.c.objc; path = JYMJADCpaRequest.m; sourceTree = "<group>"; };
		AAD369262563ABA6007E1D28 /* JYMJADCpcRequest.m */ = {isa = PBXFileReference; fileEncoding = 4; lastKnownFileType = sourcecode.c.objc; path = JYMJADCpcRequest.m; sourceTree = "<group>"; };
		AAD369272563ABA6007E1D28 /* JYMJADCpmRequest.m */ = {isa = PBXFileReference; fileEncoding = 4; lastKnownFileType = sourcecode.c.objc; path = JYMJADCpmRequest.m; sourceTree = "<group>"; };
		AAD369282563ABA6007E1D28 /* XMNetWorkHelper.m */ = {isa = PBXFileReference; fileEncoding = 4; lastKnownFileType = sourcecode.c.objc; path = XMNetWorkHelper.m; sourceTree = "<group>"; };
		AAD369292563ABA7007E1D28 /* XMNetWorkHelper.h */ = {isa = PBXFileReference; fileEncoding = 4; lastKnownFileType = sourcecode.c.h; path = XMNetWorkHelper.h; sourceTree = "<group>"; };
		AAD3692A2563ABA7007E1D28 /* JYMJADEndRequest.m */ = {isa = PBXFileReference; fileEncoding = 4; lastKnownFileType = sourcecode.c.objc; path = JYMJADEndRequest.m; sourceTree = "<group>"; };
		AAD3692B2563ABA7007E1D28 /* JYMJADCpaRequest.h */ = {isa = PBXFileReference; fileEncoding = 4; lastKnownFileType = sourcecode.c.h; path = JYMJADCpaRequest.h; sourceTree = "<group>"; };
		AAD3692C2563ABA7007E1D28 /* JYMJADYBSDK.m */ = {isa = PBXFileReference; fileEncoding = 4; lastKnownFileType = sourcecode.c.objc; path = JYMJADYBSDK.m; sourceTree = "<group>"; };
		AAD3692D2563ABA7007E1D28 /* JYMJADAdRequest.h */ = {isa = PBXFileReference; fileEncoding = 4; lastKnownFileType = sourcecode.c.h; path = JYMJADAdRequest.h; sourceTree = "<group>"; };
		AAD3692E2563ABA7007E1D28 /* JYMJADEndRequest.h */ = {isa = PBXFileReference; fileEncoding = 4; lastKnownFileType = sourcecode.c.h; path = JYMJADEndRequest.h; sourceTree = "<group>"; };
		AAD3692F2563ABA7007E1D28 /* JYMJADCpsRequest.m */ = {isa = PBXFileReference; fileEncoding = 4; lastKnownFileType = sourcecode.c.objc; path = JYMJADCpsRequest.m; sourceTree = "<group>"; };
		AAD369302563ABA7007E1D28 /* JYMJADCpcRequest.h */ = {isa = PBXFileReference; fileEncoding = 4; lastKnownFileType = sourcecode.c.h; path = JYMJADCpcRequest.h; sourceTree = "<group>"; };
		AAD369312563ABA7007E1D28 /* JYMJADYBSDK.h */ = {isa = PBXFileReference; fileEncoding = 4; lastKnownFileType = sourcecode.c.h; path = JYMJADYBSDK.h; sourceTree = "<group>"; };
		AAD369322563ABA8007E1D28 /* JYMJADAdBean.m */ = {isa = PBXFileReference; fileEncoding = 4; lastKnownFileType = sourcecode.c.objc; path = JYMJADAdBean.m; sourceTree = "<group>"; };
		AAD369332563ABA8007E1D28 /* JYMJADCpmRequest.h */ = {isa = PBXFileReference; fileEncoding = 4; lastKnownFileType = sourcecode.c.h; path = JYMJADCpmRequest.h; sourceTree = "<group>"; };
		AAD369342563ABA8007E1D28 /* JYMJADAdRequest.m */ = {isa = PBXFileReference; fileEncoding = 4; lastKnownFileType = sourcecode.c.objc; path = JYMJADAdRequest.m; sourceTree = "<group>"; };
		AAD369352563ABA8007E1D28 /* JYMJADAdBean.h */ = {isa = PBXFileReference; fileEncoding = 4; lastKnownFileType = sourcecode.c.h; path = JYMJADAdBean.h; sourceTree = "<group>"; };
		AAD369362563ABA8007E1D28 /* JYMJADCpsRequest.h */ = {isa = PBXFileReference; fileEncoding = 4; lastKnownFileType = sourcecode.c.h; path = JYMJADCpsRequest.h; sourceTree = "<group>"; };
		AAD369E62564A835007E1D28 /* JYMJADAdResponse.h */ = {isa = PBXFileReference; lastKnownFileType = sourcecode.c.h; path = JYMJADAdResponse.h; sourceTree = "<group>"; };
		AAD369E72564A835007E1D28 /* JYMJADAdResponse.m */ = {isa = PBXFileReference; lastKnownFileType = sourcecode.c.objc; path = JYMJADAdResponse.m; sourceTree = "<group>"; };
		AAD369EB2564A852007E1D28 /* JYMJADCpaResponse.h */ = {isa = PBXFileReference; lastKnownFileType = sourcecode.c.h; path = JYMJADCpaResponse.h; sourceTree = "<group>"; };
		AAD369EC2564A852007E1D28 /* JYMJADCpaResponse.m */ = {isa = PBXFileReference; lastKnownFileType = sourcecode.c.objc; path = JYMJADCpaResponse.m; sourceTree = "<group>"; };
		AAD369F02564A86C007E1D28 /* JYMJADCpcResponse.h */ = {isa = PBXFileReference; lastKnownFileType = sourcecode.c.h; path = JYMJADCpcResponse.h; sourceTree = "<group>"; };
		AAD369F12564A86C007E1D28 /* JYMJADCpcResponse.m */ = {isa = PBXFileReference; lastKnownFileType = sourcecode.c.objc; path = JYMJADCpcResponse.m; sourceTree = "<group>"; };
		AAD369F52564A8BE007E1D28 /* JYMJADCpmResponse.h */ = {isa = PBXFileReference; lastKnownFileType = sourcecode.c.h; path = JYMJADCpmResponse.h; sourceTree = "<group>"; };
		AAD369F62564A8BE007E1D28 /* JYMJADCpmResponse.m */ = {isa = PBXFileReference; lastKnownFileType = sourcecode.c.objc; path = JYMJADCpmResponse.m; sourceTree = "<group>"; };
		AAD369FA2564A8D2007E1D28 /* JYMJADCpsResponse.h */ = {isa = PBXFileReference; lastKnownFileType = sourcecode.c.h; path = JYMJADCpsResponse.h; sourceTree = "<group>"; };
		AAD369FB2564A8D2007E1D28 /* JYMJADCpsResponse.m */ = {isa = PBXFileReference; lastKnownFileType = sourcecode.c.objc; path = JYMJADCpsResponse.m; sourceTree = "<group>"; };
		AAD369FF2564A8EF007E1D28 /* JYMJADEndResponse.h */ = {isa = PBXFileReference; lastKnownFileType = sourcecode.c.h; path = JYMJADEndResponse.h; sourceTree = "<group>"; };
		AAD36A002564A8EF007E1D28 /* JYMJADEndResponse.m */ = {isa = PBXFileReference; lastKnownFileType = sourcecode.c.objc; path = JYMJADEndResponse.m; sourceTree = "<group>"; };
		AAD36A072564C4D9007E1D28 /* BaseResponse.h */ = {isa = PBXFileReference; lastKnownFileType = sourcecode.c.h; path = BaseResponse.h; sourceTree = "<group>"; };
		AAD36A082564C4D9007E1D28 /* BaseResponse.m */ = {isa = PBXFileReference; lastKnownFileType = sourcecode.c.objc; path = BaseResponse.m; sourceTree = "<group>"; };
/* End PBXFileReference section */

/* Begin PBXFrameworksBuildPhase section */
		AAD368EA2563A8AD007E1D28 /* Frameworks */ = {
			isa = PBXFrameworksBuildPhase;
			buildActionMask = 2147483647;
			files = (
			);
			runOnlyForDeploymentPostprocessing = 0;
		};
/* End PBXFrameworksBuildPhase section */

/* Begin PBXGroup section */
		AAD368E32563A8AD007E1D28 = {
			isa = PBXGroup;
			children = (
				AAD368EF2563A8AD007E1D28 /* JYMJAD-SDK */,
				AAD368EE2563A8AD007E1D28 /* Products */,
			);
			sourceTree = "<group>";
		};
		AAD368EE2563A8AD007E1D28 /* Products */ = {
			isa = PBXGroup;
			children = (
				AAD368ED2563A8AD007E1D28 /* JYMJAD_SDK.framework */,
			);
			name = Products;
			sourceTree = "<group>";
		};
		AAD368EF2563A8AD007E1D28 /* JYMJAD-SDK */ = {
			isa = PBXGroup;
			children = (
				AAD369352563ABA8007E1D28 /* JYMJADAdBean.h */,
				AAD369322563ABA8007E1D28 /* JYMJADAdBean.m */,
				AAD3692D2563ABA7007E1D28 /* JYMJADAdRequest.h */,
				AAD369342563ABA8007E1D28 /* JYMJADAdRequest.m */,
				AAD3692B2563ABA7007E1D28 /* JYMJADCpaRequest.h */,
				AAD369252563ABA6007E1D28 /* JYMJADCpaRequest.m */,
				AAD369302563ABA7007E1D28 /* JYMJADCpcRequest.h */,
				AAD369262563ABA6007E1D28 /* JYMJADCpcRequest.m */,
				AAD369332563ABA8007E1D28 /* JYMJADCpmRequest.h */,
				AAD369272563ABA6007E1D28 /* JYMJADCpmRequest.m */,
				AAD369362563ABA8007E1D28 /* JYMJADCpsRequest.h */,
				AAD3692F2563ABA7007E1D28 /* JYMJADCpsRequest.m */,
				AAD3692E2563ABA7007E1D28 /* JYMJADEndRequest.h */,
				AAD3692A2563ABA7007E1D28 /* JYMJADEndRequest.m */,
				AAD369292563ABA7007E1D28 /* XMNetWorkHelper.h */,
				AAD369282563ABA6007E1D28 /* XMNetWorkHelper.m */,
				AAD369312563ABA7007E1D28 /* JYMJADYBSDK.h */,
				AAD3692C2563ABA7007E1D28 /* JYMJADYBSDK.m */,
				AAD368F02563A8AD007E1D28 /* JYMJAD_SDK.h */,
				AAD368F12563A8AD007E1D28 /* Info.plist */,
				AAD369E62564A835007E1D28 /* JYMJADAdResponse.h */,
				AAD369E72564A835007E1D28 /* JYMJADAdResponse.m */,
				AAD369EB2564A852007E1D28 /* JYMJADCpaResponse.h */,
				AAD369EC2564A852007E1D28 /* JYMJADCpaResponse.m */,
				AAD369F02564A86C007E1D28 /* JYMJADCpcResponse.h */,
				AAD369F12564A86C007E1D28 /* JYMJADCpcResponse.m */,
				AAD369F52564A8BE007E1D28 /* JYMJADCpmResponse.h */,
				AAD369F62564A8BE007E1D28 /* JYMJADCpmResponse.m */,
				AAD369FA2564A8D2007E1D28 /* JYMJADCpsResponse.h */,
				AAD369FB2564A8D2007E1D28 /* JYMJADCpsResponse.m */,
				AAD369FF2564A8EF007E1D28 /* JYMJADEndResponse.h */,
				AAD36A002564A8EF007E1D28 /* JYMJADEndResponse.m */,
				AAD36A072564C4D9007E1D28 /* BaseResponse.h */,
				AAD36A082564C4D9007E1D28 /* BaseResponse.m */,
				AA09023C25650E0C00F1C39C /* KeyChainStore.h */,
				AA09023D25650E0C00F1C39C /* KeyChainStore.m */,
			);
			path = "JYMJAD-SDK";
			sourceTree = "<group>";
		};
/* End PBXGroup section */

/* Begin PBXHeadersBuildPhase section */
		AAD368E82563A8AD007E1D28 /* Headers */ = {
			isa = PBXHeadersBuildPhase;
			buildActionMask = 2147483647;
			files = (
				AAD369432563ABA8007E1D28 /* JYMJADYBSDK.h in Headers */,
				AAD3693D2563ABA8007E1D28 /* JYMJADCpaRequest.h in Headers */,
				AAD369422563ABA8007E1D28 /* JYMJADCpcRequest.h in Headers */,
				AAD369402563ABA8007E1D28 /* JYMJADEndRequest.h in Headers */,
				AA09023E25650E0C00F1C39C /* KeyChainStore.h in Headers */,
				AAD369452563ABA8007E1D28 /* JYMJADCpmRequest.h in Headers */,
				AAD369FC2564A8D2007E1D28 /* JYMJADCpsResponse.h in Headers */,
				AAD36A092564C4DA007E1D28 /* BaseResponse.h in Headers */,
				AAD369F72564A8BE007E1D28 /* JYMJADCpmResponse.h in Headers */,
				AAD369E82564A835007E1D28 /* JYMJADAdResponse.h in Headers */,
				AAD369F22564A86C007E1D28 /* JYMJADCpcResponse.h in Headers */,
				AAD36A012564A8EF007E1D28 /* JYMJADEndResponse.h in Headers */,
				AAD369ED2564A852007E1D28 /* JYMJADCpaResponse.h in Headers */,
				AAD369482563ABA8007E1D28 /* JYMJADCpsRequest.h in Headers */,
				AAD369472563ABA8007E1D28 /* JYMJADAdBean.h in Headers */,
				AAD3693F2563ABA8007E1D28 /* JYMJADAdRequest.h in Headers */,
				AAD3693B2563ABA8007E1D28 /* XMNetWorkHelper.h in Headers */,
				AAD368F22563A8AD007E1D28 /* JYMJAD_SDK.h in Headers */,
			);
			runOnlyForDeploymentPostprocessing = 0;
		};
/* End PBXHeadersBuildPhase section */

/* Begin PBXNativeTarget section */
		AAD368EC2563A8AD007E1D28 /* JYMJAD-SDK */ = {
			isa = PBXNativeTarget;
			buildConfigurationList = AAD368F52563A8AD007E1D28 /* Build configuration list for PBXNativeTarget "JYMJAD-SDK" */;
			buildPhases = (
				AAD368E82563A8AD007E1D28 /* Headers */,
				AAD368E92563A8AD007E1D28 /* Sources */,
				AAD368EA2563A8AD007E1D28 /* Frameworks */,
				AAD368EB2563A8AD007E1D28 /* Resources */,
			);
			buildRules = (
			);
			dependencies = (
			);
			name = "JYMJAD-SDK";
			productName = "JYMJAD-SDK";
			productReference = AAD368ED2563A8AD007E1D28 /* JYMJAD_SDK.framework */;
			productType = "com.apple.product-type.framework";
		};
/* End PBXNativeTarget section */

/* Begin PBXProject section */
		AAD368E42563A8AD007E1D28 /* Project object */ = {
			isa = PBXProject;
			attributes = {
				LastUpgradeCheck = 1210;
				TargetAttributes = {
					AAD368EC2563A8AD007E1D28 = {
						CreatedOnToolsVersion = 12.1;
					};
				};
			};
			buildConfigurationList = AAD368E72563A8AD007E1D28 /* Build configuration list for PBXProject "JYMJAD-SDK" */;
			compatibilityVersion = "Xcode 9.3";
			developmentRegion = en;
			hasScannedForEncodings = 0;
			knownRegions = (
				en,
				Base,
			);
			mainGroup = AAD368E32563A8AD007E1D28;
			productRefGroup = AAD368EE2563A8AD007E1D28 /* Products */;
			projectDirPath = "";
			projectRoot = "";
			targets = (
				AAD368EC2563A8AD007E1D28 /* JYMJAD-SDK */,
			);
		};
/* End PBXProject section */

/* Begin PBXResourcesBuildPhase section */
		AAD368EB2563A8AD007E1D28 /* Resources */ = {
			isa = PBXResourcesBuildPhase;
			buildActionMask = 2147483647;
			files = (
			);
			runOnlyForDeploymentPostprocessing = 0;
		};
/* End PBXResourcesBuildPhase section */

/* Begin PBXSourcesBuildPhase section */
		AAD368E92563A8AD007E1D28 /* Sources */ = {
			isa = PBXSourcesBuildPhase;
			buildActionMask = 2147483647;
			files = (
				AAD369392563ABA8007E1D28 /* JYMJADCpmRequest.m in Sources */,
				AA09023F25650E0C00F1C39C /* KeyChainStore.m in Sources */,
				AAD3693C2563ABA8007E1D28 /* JYMJADEndRequest.m in Sources */,
				AAD369382563ABA8007E1D28 /* JYMJADCpcRequest.m in Sources */,
				AAD36A0A2564C4DA007E1D28 /* BaseResponse.m in Sources */,
				AAD369EE2564A852007E1D28 /* JYMJADCpaResponse.m in Sources */,
				AAD3693E2563ABA8007E1D28 /* JYMJADYBSDK.m in Sources */,
				AAD369FD2564A8D2007E1D28 /* JYMJADCpsResponse.m in Sources */,
				AAD369F82564A8BE007E1D28 /* JYMJADCpmResponse.m in Sources */,
				AAD369372563ABA8007E1D28 /* JYMJADCpaRequest.m in Sources */,
				AAD369412563ABA8007E1D28 /* JYMJADCpsRequest.m in Sources */,
				AAD369462563ABA8007E1D28 /* JYMJADAdRequest.m in Sources */,
				AAD369F32564A86C007E1D28 /* JYMJADCpcResponse.m in Sources */,
				AAD36A022564A8EF007E1D28 /* JYMJADEndResponse.m in Sources */,
				AAD369442563ABA8007E1D28 /* JYMJADAdBean.m in Sources */,
				AAD3693A2563ABA8007E1D28 /* XMNetWorkHelper.m in Sources */,
				AAD369E92564A835007E1D28 /* JYMJADAdResponse.m in Sources */,
			);
			runOnlyForDeploymentPostprocessing = 0;
		};
/* End PBXSourcesBuildPhase section */

/* Begin XCBuildConfiguration section */
		AAD368F32563A8AD007E1D28 /* Debug */ = {
			isa = XCBuildConfiguration;
			buildSettings = {
				ALWAYS_SEARCH_USER_PATHS = NO;
				CLANG_ANALYZER_NONNULL = YES;
				CLANG_ANALYZER_NUMBER_OBJECT_CONVERSION = YES_AGGRESSIVE;
				CLANG_CXX_LANGUAGE_STANDARD = "gnu++14";
				CLANG_CXX_LIBRARY = "libc++";
				CLANG_ENABLE_MODULES = YES;
				CLANG_ENABLE_OBJC_ARC = YES;
				CLANG_ENABLE_OBJC_WEAK = YES;
				CLANG_WARN_BLOCK_CAPTURE_AUTORELEASING = YES;
				CLANG_WARN_BOOL_CONVERSION = YES;
				CLANG_WARN_COMMA = YES;
				CLANG_WARN_CONSTANT_CONVERSION = YES;
				CLANG_WARN_DEPRECATED_OBJC_IMPLEMENTATIONS = YES;
				CLANG_WARN_DIRECT_OBJC_ISA_USAGE = YES_ERROR;
				CLANG_WARN_DOCUMENTATION_COMMENTS = YES;
				CLANG_WARN_EMPTY_BODY = YES;
				CLANG_WARN_ENUM_CONVERSION = YES;
				CLANG_WARN_INFINITE_RECURSION = YES;
				CLANG_WARN_INT_CONVERSION = YES;
				CLANG_WARN_NON_LITERAL_NULL_CONVERSION = YES;
				CLANG_WARN_OBJC_IMPLICIT_RETAIN_SELF = YES;
				CLANG_WARN_OBJC_LITERAL_CONVERSION = YES;
				CLANG_WARN_OBJC_ROOT_CLASS = YES_ERROR;
				CLANG_WARN_QUOTED_INCLUDE_IN_FRAMEWORK_HEADER = YES;
				CLANG_WARN_RANGE_LOOP_ANALYSIS = YES;
				CLANG_WARN_STRICT_PROTOTYPES = YES;
				CLANG_WARN_SUSPICIOUS_MOVE = YES;
				CLANG_WARN_UNGUARDED_AVAILABILITY = YES_AGGRESSIVE;
				CLANG_WARN_UNREACHABLE_CODE = YES;
				CLANG_WARN__DUPLICATE_METHOD_MATCH = YES;
				COPY_PHASE_STRIP = NO;
				CURRENT_PROJECT_VERSION = 1;
				DEBUG_INFORMATION_FORMAT = dwarf;
				ENABLE_STRICT_OBJC_MSGSEND = YES;
				ENABLE_TESTABILITY = YES;
				GCC_C_LANGUAGE_STANDARD = gnu11;
				GCC_DYNAMIC_NO_PIC = NO;
				GCC_NO_COMMON_BLOCKS = YES;
				GCC_OPTIMIZATION_LEVEL = 0;
				GCC_PREPROCESSOR_DEFINITIONS = (
					"DEBUG=1",
					"$(inherited)",
				);
				GCC_WARN_64_TO_32_BIT_CONVERSION = YES;
				GCC_WARN_ABOUT_RETURN_TYPE = YES_ERROR;
				GCC_WARN_UNDECLARED_SELECTOR = YES;
				GCC_WARN_UNINITIALIZED_AUTOS = YES_AGGRESSIVE;
				GCC_WARN_UNUSED_FUNCTION = YES;
				GCC_WARN_UNUSED_VARIABLE = YES;
				IPHONEOS_DEPLOYMENT_TARGET = 10.0;
				MTL_ENABLE_DEBUG_INFO = INCLUDE_SOURCE;
				MTL_FAST_MATH = YES;
				ONLY_ACTIVE_ARCH = YES;
				SDKROOT = iphoneos;
				VERSIONING_SYSTEM = "apple-generic";
				VERSION_INFO_PREFIX = "";
			};
			name = Debug;
		};
		AAD368F42563A8AD007E1D28 /* Release */ = {
			isa = XCBuildConfiguration;
			buildSettings = {
				ALWAYS_SEARCH_USER_PATHS = NO;
				CLANG_ANALYZER_NONNULL = YES;
				CLANG_ANALYZER_NUMBER_OBJECT_CONVERSION = YES_AGGRESSIVE;
				CLANG_CXX_LANGUAGE_STANDARD = "gnu++14";
				CLANG_CXX_LIBRARY = "libc++";
				CLANG_ENABLE_MODULES = YES;
				CLANG_ENABLE_OBJC_ARC = YES;
				CLANG_ENABLE_OBJC_WEAK = YES;
				CLANG_WARN_BLOCK_CAPTURE_AUTORELEASING = YES;
				CLANG_WARN_BOOL_CONVERSION = YES;
				CLANG_WARN_COMMA = YES;
				CLANG_WARN_CONSTANT_CONVERSION = YES;
				CLANG_WARN_DEPRECATED_OBJC_IMPLEMENTATIONS = YES;
				CLANG_WARN_DIRECT_OBJC_ISA_USAGE = YES_ERROR;
				CLANG_WARN_DOCUMENTATION_COMMENTS = YES;
				CLANG_WARN_EMPTY_BODY = YES;
				CLANG_WARN_ENUM_CONVERSION = YES;
				CLANG_WARN_INFINITE_RECURSION = YES;
				CLANG_WARN_INT_CONVERSION = YES;
				CLANG_WARN_NON_LITERAL_NULL_CONVERSION = YES;
				CLANG_WARN_OBJC_IMPLICIT_RETAIN_SELF = YES;
				CLANG_WARN_OBJC_LITERAL_CONVERSION = YES;
				CLANG_WARN_OBJC_ROOT_CLASS = YES_ERROR;
				CLANG_WARN_QUOTED_INCLUDE_IN_FRAMEWORK_HEADER = YES;
				CLANG_WARN_RANGE_LOOP_ANALYSIS = YES;
				CLANG_WARN_STRICT_PROTOTYPES = YES;
				CLANG_WARN_SUSPICIOUS_MOVE = YES;
				CLANG_WARN_UNGUARDED_AVAILABILITY = YES_AGGRESSIVE;
				CLANG_WARN_UNREACHABLE_CODE = YES;
				CLANG_WARN__DUPLICATE_METHOD_MATCH = YES;
				COPY_PHASE_STRIP = NO;
				CURRENT_PROJECT_VERSION = 1;
				DEBUG_INFORMATION_FORMAT = "dwarf-with-dsym";
				ENABLE_NS_ASSERTIONS = NO;
				ENABLE_STRICT_OBJC_MSGSEND = YES;
				GCC_C_LANGUAGE_STANDARD = gnu11;
				GCC_NO_COMMON_BLOCKS = YES;
				GCC_WARN_64_TO_32_BIT_CONVERSION = YES;
				GCC_WARN_ABOUT_RETURN_TYPE = YES_ERROR;
				GCC_WARN_UNDECLARED_SELECTOR = YES;
				GCC_WARN_UNINITIALIZED_AUTOS = YES_AGGRESSIVE;
				GCC_WARN_UNUSED_FUNCTION = YES;
				GCC_WARN_UNUSED_VARIABLE = YES;
				IPHONEOS_DEPLOYMENT_TARGET = 10.0;
				MTL_ENABLE_DEBUG_INFO = NO;
				MTL_FAST_MATH = YES;
				SDKROOT = iphoneos;
				VALIDATE_PRODUCT = YES;
				VERSIONING_SYSTEM = "apple-generic";
				VERSION_INFO_PREFIX = "";
			};
			name = Release;
		};
		AAD368F62563A8AD007E1D28 /* Debug */ = {
			isa = XCBuildConfiguration;
			buildSettings = {
				CODE_SIGN_STYLE = Automatic;
				DEFINES_MODULE = YES;
				DEVELOPMENT_TEAM = LJY7MDFWJN;
				DYLIB_COMPATIBILITY_VERSION = 1;
				DYLIB_CURRENT_VERSION = 1;
				DYLIB_INSTALL_NAME_BASE = "@rpath";
				INFOPLIST_FILE = "JYMJAD-SDK/Info.plist";
				INSTALL_PATH = "$(LOCAL_LIBRARY_DIR)/Frameworks";
				LD_RUNPATH_SEARCH_PATHS = (
					"$(inherited)",
					"@executable_path/Frameworks",
					"@loader_path/Frameworks",
				);
				MACH_O_TYPE = staticlib;
				PRODUCT_BUNDLE_IDENTIFIER = "com.yb.JYMJAD-SDK";
				PRODUCT_NAME = "$(TARGET_NAME:c99extidentifier)";
				SKIP_INSTALL = YES;
				TARGETED_DEVICE_FAMILY = "1,2";
			};
			name = Debug;
		};
		AAD368F72563A8AD007E1D28 /* Release */ = {
			isa = XCBuildConfiguration;
			buildSettings = {
				CODE_SIGN_STYLE = Automatic;
				DEFINES_MODULE = YES;
				DEVELOPMENT_TEAM = LJY7MDFWJN;
				DYLIB_COMPATIBILITY_VERSION = 1;
				DYLIB_CURRENT_VERSION = 1;
				DYLIB_INSTALL_NAME_BASE = "@rpath";
				"EXCLUDED_ARCHS[sdk=*]" = "";
				"EXCLUDED_ARCHS[sdk=iphonesimulator*]" = arm64;
				INFOPLIST_FILE = "JYMJAD-SDK/Info.plist";
				INSTALL_PATH = "$(LOCAL_LIBRARY_DIR)/Frameworks";
				LD_RUNPATH_SEARCH_PATHS = (
					"$(inherited)",
					"@executable_path/Frameworks",
					"@loader_path/Frameworks",
				);
				MACH_O_TYPE = staticlib;
				PRODUCT_BUNDLE_IDENTIFIER = "com.yb.JYMJAD-SDK";
				PRODUCT_NAME = "$(TARGET_NAME:c99extidentifier)";
				SKIP_INSTALL = YES;
				TARGETED_DEVICE_FAMILY = "1,2";
			};
			name = Release;
		};
/* End XCBuildConfiguration section */

/* Begin XCConfigurationList section */
		AAD368E72563A8AD007E1D28 /* Build configuration list for PBXProject "JYMJAD-SDK" */ = {
			isa = XCConfigurationList;
			buildConfigurations = (
				AAD368F32563A8AD007E1D28 /* Debug */,
				AAD368F42563A8AD007E1D28 /* Release */,
			);
			defaultConfigurationIsVisible = 0;
			defaultConfigurationName = Release;
		};
		AAD368F52563A8AD007E1D28 /* Build configuration list for PBXNativeTarget "JYMJAD-SDK" */ = {
			isa = XCConfigurationList;
			buildConfigurations = (
				AAD368F62563A8AD007E1D28 /* Debug */,
				AAD368F72563A8AD007E1D28 /* Release */,
			);
			defaultConfigurationIsVisible = 0;
			defaultConfigurationName = Release;
		};
/* End XCConfigurationList section */
	};
	rootObject = AAD368E42563A8AD007E1D28 /* Project object */;
}
